speakeasyVersion: 1.789.0
sources:
    Directory API:
        sourceNamespace: directory-api
        sourceRevisionDigest: sha256:990fdc205e193df20b7f9a14c985b40acac3ac3f619df14d57b0b9cd7716ee21
        sourceBlobDigest: sha256:c710ff3558df3a8c8cc7251e4a241470a195ae4555159a0b60d8b06e9699fe31
        tags:
            - latest
            - v1
targets:
    meitner:
        source: Directory API
        sourceNamespace: directory-api
        sourceRevisionDigest: sha256:990fdc205e193df20b7f9a14c985b40acac3ac3f619df14d57b0b9cd7716ee21
        sourceBlobDigest: sha256:c710ff3558df3a8c8cc7251e4a241470a195ae4555159a0b60d8b06e9699fe31
        codeSamplesNamespace: directory-api-python-code-samples
        codeSamplesRevisionDigest: sha256:8de2de46d76ab7a66a69009aecd7b1fa04d5748c56da9c5039fd3c4b2e372fd9
workflow:
    workflowVersion: 1.0.0
    speakeasyVersion: latest
    sources:
        Directory API:
            inputs:
                - location: https://api.staging.meitner.se/directory/v1/openapi.json
            output: .speakeasy/out.openapi.yaml
            registry:
                location: registry.speakeasyapi.dev/meitner-2u8/api/directory-api
    targets:
        meitner:
            target: python
            source: Directory API
            publish:
                pypi:
                    token: $pypi_token
            codeSamples:
                registry:
                    location: registry.speakeasyapi.dev/meitner-2u8/api/directory-api-python-code-samples
                labelOverride:
                    fixedValue: Python (SDK)
                blocking: false
