speakeasyVersion: 1.761.6
sources:
    Directory API:
        sourceNamespace: directory-api
        sourceRevisionDigest: sha256:5920ac0aa2b3a92a3e43e2fe5c853fd53807ded4cc3393d54f6161f052017920
        sourceBlobDigest: sha256:905a641fed7f505e5960e7aacf2cf2676e50fca87d6cf9180761e0431468205f
        tags:
            - latest
            - v1
targets:
    meitner:
        source: Directory API
        sourceNamespace: directory-api
        sourceRevisionDigest: sha256:5920ac0aa2b3a92a3e43e2fe5c853fd53807ded4cc3393d54f6161f052017920
        sourceBlobDigest: sha256:905a641fed7f505e5960e7aacf2cf2676e50fca87d6cf9180761e0431468205f
        codeSamplesNamespace: directory-api-python-code-samples
        codeSamplesRevisionDigest: sha256:244ece927351287ab08f5edbf86bab97e7b4a3631bf75702811261be36ae6ded
workflow:
    workflowVersion: 1.0.0
    speakeasyVersion: latest
    sources:
        Directory API:
            inputs:
                - location: https://api.staging.meitner.se/directory/v1/openapi.json
            output: .speakeasy/out.openapi.yaml
            registry:
                location: registry.speakeasyapi.dev/meitner-2u8/api/directory-api
    targets:
        meitner:
            target: python
            source: Directory API
            publish:
                pypi:
                    token: $pypi_token
            codeSamples:
                registry:
                    location: registry.speakeasyapi.dev/meitner-2u8/api/directory-api-python-code-samples
                labelOverride:
                    fixedValue: Python (SDK)
                blocking: false
