speakeasyVersion: 1.695.0
sources:
    Directory API:
        sourceNamespace: directory-api
        sourceRevisionDigest: sha256:96e142d868aa89a8294508cdb73f6b537ded7d56ecbe46893b9be3a25890cc1a
        sourceBlobDigest: sha256:67759162a08b314b37ea4d17ceb8e06a541d6444a3699817b5cf745c2873419d
        tags:
            - latest
            - speakeasy-sdk-regen-1766448819
            - v1
targets:
    meitner:
        source: Directory API
        sourceNamespace: directory-api
        sourceRevisionDigest: sha256:96e142d868aa89a8294508cdb73f6b537ded7d56ecbe46893b9be3a25890cc1a
        sourceBlobDigest: sha256:67759162a08b314b37ea4d17ceb8e06a541d6444a3699817b5cf745c2873419d
        codeSamplesNamespace: directory-api-python-code-samples
        codeSamplesRevisionDigest: sha256:455d1181739416ecd48b75078271d07e1eb2f2231d9823ab11f686b9545fec14
workflow:
    workflowVersion: 1.0.0
    speakeasyVersion: latest
    sources:
        Directory API:
            inputs:
                - location: https://api.staging.meitner.se/directory/v1/openapi.json
            output: .speakeasy/out.openapi.yaml
            registry:
                location: registry.speakeasyapi.dev/meitner-2u8/api/directory-api
    targets:
        meitner:
            target: python
            source: Directory API
            publish:
                pypi:
                    token: $pypi_token
            codeSamples:
                registry:
                    location: registry.speakeasyapi.dev/meitner-2u8/api/directory-api-python-code-samples
                labelOverride:
                    fixedValue: Python (SDK)
                blocking: false
